
Microsoft Visual Studio Solution File, Format Version 12.00
# Visual Studio Version 17
VisualStudioVersion = 17.0.31612.314
MinimumVisualStudioVersion = 10.0.40219.1
Project("{9A19103F-16F7-4668-BE54-9A1E7A4F7556}") = "WebAPI", "WebAPI\WebAPI.csproj", "{D0E42AC7-923A-442F-8AA4-F44C68D8D264}"
EndProject
Project("{9A19103F-16F7-4668-BE54-9A1E7A4F7556}") = "RiotSharp", "RiotSharp\RiotSharp.csproj", "{DF33FBEF-A0FF-48FC-B535-E3DCE1CD110E}"
EndProject
Project("{9A19103F-16F7-4668-BE54-9A1E7A4F7556}") = "Client", "Client\Client.csproj", "{A88E5766-63C2-488A-9976-84E84B5799CD}"
EndProject
Project("{9A19103F-16F7-4668-BE54-9A1E7A4F7556}") = "Shared", "Shared\Shared.csproj", "{432949F0-B306-4532-B2FF-8DB9D7646AD8}"
EndProject
Global
	GlobalSection(SolutionConfigurationPlatforms) = preSolution
		Debug|Any CPU = Debug|Any CPU
		Release|Any CPU = Release|Any CPU
	EndGlobalSection
	GlobalSection(ProjectConfigurationPlatforms) = postSolution
		{D0E42AC7-923A-442F-8AA4-F44C68D8D264}.Debug|Any CPU.ActiveCfg = Debug|Any CPU
		{D0E42AC7-923A-442F-8AA4-F44C68D8D264}.Debug|Any CPU.Build.0 = Debug|Any CPU
		{D0E42AC7-923A-442F-8AA4-F44C68D8D264}.Release|Any CPU.ActiveCfg = Release|Any CPU
		{D0E42AC7-923A-442F-8AA4-F44C68D8D264}.Release|Any CPU.Build.0 = Release|Any CPU
		{DF33FBEF-A0FF-48FC-B535-E3DCE1CD110E}.Debug|Any CPU.ActiveCfg = Debug|Any CPU
		{DF33FBEF-A0FF-48FC-B535-E3DCE1CD110E}.Debug|Any CPU.Build.0 = Debug|Any CPU
		{DF33FBEF-A0FF-48FC-B535-E3DCE1CD110E}.Release|Any CPU.ActiveCfg = Release|Any CPU
		{DF33FBEF-A0FF-48FC-B535-E3DCE1CD110E}.Release|Any CPU.Build.0 = Release|Any CPU
		{A88E5766-63C2-488A-9976-84E84B5799CD}.Debug|Any CPU.ActiveCfg = Debug|Any CPU
		{A88E5766-63C2-488A-9976-84E84B5799CD}.Debug|Any CPU.Build.0 = Debug|Any CPU
		{A88E5766-63C2-488A-9976-84E84B5799CD}.Release|Any CPU.ActiveCfg = Release|Any CPU
		{A88E5766-63C2-488A-9976-84E84B5799CD}.Release|Any CPU.Build.0 = Release|Any CPU
		{432949F0-B306-4532-B2FF-8DB9D7646AD8}.Debug|Any CPU.ActiveCfg = Debug|Any CPU
		{432949F0-B306-4532-B2FF-8DB9D7646AD8}.Debug|Any CPU.Build.0 = Debug|Any CPU
		{432949F0-B306-4532-B2FF-8DB9D7646AD8}.Release|Any CPU.ActiveCfg = Release|Any CPU
		{432949F0-B306-4532-B2FF-8DB9D7646AD8}.Release|Any CPU.Build.0 = Release|Any CPU
	EndGlobalSection
	GlobalSection(SolutionProperties) = preSolution
		HideSolutionNode = FALSE
	EndGlobalSection
	GlobalSection(ExtensibilityGlobals) = postSolution
		SolutionGuid = {36BCF76B-CB52-4345-984F-067370EEA71B}
	EndGlobalSection
EndGlobal
